version: 1.0
shards:
  authentic:
    github: luckyframework/authentic
    version: 0.5.0

  avram:
    github: luckyframework/avram
    version: 0.12.2

  baked_file_system:
    github: schovi/baked_file_system
    commit: e1447549d5ac0560720fae62179b2f2c62c9bfd1

  blank:
    github: kostya/blank
    version: 0.1.0

  carbon:
    github: luckyframework/carbon
    version: 0.1.1

  cry:
    github: paulcsmith/cry
    version: 0.4.1

  db:
    github: crystal-lang/crystal-db
    version: 0.7.0

  dexter:
    github: luckyframework/dexter
    version: 0.1.2

  dotenv:
    github: gdotdesign/cr-dotenv
    version: 0.3.0

  exception_page:
    github: crystal-loot/exception_page
    version: 0.1.2

  habitat:
    github: luckyframework/habitat
    version: 0.4.3

  kemal:
    github: kemalcr/kemal
    commit: 4d6fb0614f29aa02254913dc6ed69b0cb148fa81

  kemal-csrf:
    github: kemalcr/kemal-csrf
    version: 0.5.0

  kemal-session:
    github: kemalcr/kemal-session
    commit: a16f164d3dcfc6e720d566f9085285abdd5b7825

  kilt:
    github: jeromegn/kilt
    version: 0.4.0

  lucky:
    github: luckyframework/lucky
    version: 0.18.2

  lucky_cli:
    github: luckyframework/lucky_cli
    version: 0.18.3

  lucky_flow:
    github: luckyframework/lucky_flow
    version: 0.6.0

  lucky_router:
    github: luckyframework/lucky_router
    version: 0.2.2

  pg:
    github: will/crystal-pg
    version: 0.19.0

  pool:
    github: ysbaddaden/pool
    version: 0.2.3

  radix:
    github: luislavena/radix
    version: 0.3.9

  redis:
    github: stefanwille/crystal-redis
    version: 2.5.3

  selenium:
    github: ysbaddaden/selenium-webdriver-crystal
    commit: bda2fd406c1a118251c5a2883f1e1f3af242116e

  shell-table:
    github: luckyframework/shell-table.cr
    commit: 078a04ea58ead5203bb435a3b5fff448ddabaeea

  sidekiq:
    github: mperham/sidekiq.cr
    commit: ea41d5e24d0ce9630d3c84c708f9ab6cc13d00a7

  teeplate:
    github: luckyframework/teeplate
    version: 0.8.0

  wordsmith:
    github: luckyframework/wordsmith
    version: 0.2.0

